
Microsoft Visual Studio Solution File, Format Version 12.00
# Visual Studio Version 16
VisualStudioVersion = 16.0.31911.196
MinimumVisualStudioVersion = 10.0.40219.1
Project("{FAE04EC0-301F-11D3-BF4B-00C04F79EFBC}") = "Assignment1network", "Assignment1\Assignment1network.csproj", "{EA313B9E-68D7-493F-9454-B17424F7E178}"
EndProject
Global
	GlobalSection(SolutionConfigurationPlatforms) = preSolution
		Debug|Any CPU = Debug|Any CPU
		Release|Any CPU = Release|Any CPU
	EndGlobalSection
	GlobalSection(ProjectConfigurationPlatforms) = postSolution
		{EA313B9E-68D7-493F-9454-B17424F7E178}.Debug|Any CPU.ActiveCfg = Debug|Any CPU
		{EA313B9E-68D7-493F-9454-B17424F7E178}.Debug|Any CPU.Build.0 = Debug|Any CPU
		{EA313B9E-68D7-493F-9454-B17424F7E178}.Release|Any CPU.ActiveCfg = Release|Any CPU
		{EA313B9E-68D7-493F-9454-B17424F7E178}.Release|Any CPU.Build.0 = Release|Any CPU
	EndGlobalSection
	GlobalSection(SolutionProperties) = preSolution
		HideSolutionNode = FALSE
	EndGlobalSection
	GlobalSection(ExtensibilityGlobals) = postSolution
		SolutionGuid = {B0BC065F-858B-460B-9F15-6E78011D554B}
	EndGlobalSection
EndGlobal
