
Microsoft Visual Studio Solution File, Format Version 12.00
# Visual Studio Version 16
VisualStudioVersion = 16.0.31911.196
MinimumVisualStudioVersion = 10.0.40219.1
Project("{FAE04EC0-301F-11D3-BF4B-00C04F79EFBC}") = "Collection", "Collection\Collection.csproj", "{485B7C2E-01FB-4109-B271-F6C845B0C648}"
EndProject
Global
	GlobalSection(SolutionConfigurationPlatforms) = preSolution
		Debug|Any CPU = Debug|Any CPU
		Release|Any CPU = Release|Any CPU
	EndGlobalSection
	GlobalSection(ProjectConfigurationPlatforms) = postSolution
		{485B7C2E-01FB-4109-B271-F6C845B0C648}.Debug|Any CPU.ActiveCfg = Debug|Any CPU
		{485B7C2E-01FB-4109-B271-F6C845B0C648}.Debug|Any CPU.Build.0 = Debug|Any CPU
		{485B7C2E-01FB-4109-B271-F6C845B0C648}.Release|Any CPU.ActiveCfg = Release|Any CPU
		{485B7C2E-01FB-4109-B271-F6C845B0C648}.Release|Any CPU.Build.0 = Release|Any CPU
	EndGlobalSection
	GlobalSection(SolutionProperties) = preSolution
		HideSolutionNode = FALSE
	EndGlobalSection
	GlobalSection(ExtensibilityGlobals) = postSolution
		SolutionGuid = {2094D1E6-E976-4ADA-9738-94560888B13A}
	EndGlobalSection
EndGlobal
